
Microsoft Visual Studio Solution File, Format Version 12.00
# Visual Studio Version 16
VisualStudioVersion = 16.0.30011.22
MinimumVisualStudioVersion = 10.0.40219.1
Project("{FAE04EC0-301F-11D3-BF4B-00C04F79EFBC}") = "Task", "Task\Task.csproj", "{5899D947-3FB5-4BA8-9680-259803C9F23C}"
EndProject
Project("{2150E333-8FDC-42A3-9474-1A3956D46DE8}") = "Class_Library", "Class_Library", "{A51BE9BD-150B-4346-B092-1A986EAF3071}"
EndProject
Project("{2150E333-8FDC-42A3-9474-1A3956D46DE8}") = "Directory", "Directory", "{A2019601-6FC8-4653-89BF-1F2714060B6D}"
EndProject
Project("{FAE04EC0-301F-11D3-BF4B-00C04F79EFBC}") = "Figures", "Class_Library\Directory\Figures\Figures.csproj", "{143C88CE-2B37-4002-8CA8-DAD5D4BDD144}"
EndProject
Project("{FAE04EC0-301F-11D3-BF4B-00C04F79EFBC}") = "UnitTests", "UnitTestSquare1\UnitTests.csproj", "{7D9CC509-B03E-4D3A-8459-79E8AA74DCEF}"
EndProject
Global
	GlobalSection(SolutionConfigurationPlatforms) = preSolution
		Debug|Any CPU = Debug|Any CPU
		Release|Any CPU = Release|Any CPU
	EndGlobalSection
	GlobalSection(ProjectConfigurationPlatforms) = postSolution
		{5899D947-3FB5-4BA8-9680-259803C9F23C}.Debug|Any CPU.ActiveCfg = Debug|Any CPU
		{5899D947-3FB5-4BA8-9680-259803C9F23C}.Debug|Any CPU.Build.0 = Debug|Any CPU
		{5899D947-3FB5-4BA8-9680-259803C9F23C}.Release|Any CPU.ActiveCfg = Release|Any CPU
		{5899D947-3FB5-4BA8-9680-259803C9F23C}.Release|Any CPU.Build.0 = Release|Any CPU
		{143C88CE-2B37-4002-8CA8-DAD5D4BDD144}.Debug|Any CPU.ActiveCfg = Debug|Any CPU
		{143C88CE-2B37-4002-8CA8-DAD5D4BDD144}.Debug|Any CPU.Build.0 = Debug|Any CPU
		{143C88CE-2B37-4002-8CA8-DAD5D4BDD144}.Release|Any CPU.ActiveCfg = Release|Any CPU
		{143C88CE-2B37-4002-8CA8-DAD5D4BDD144}.Release|Any CPU.Build.0 = Release|Any CPU
		{7D9CC509-B03E-4D3A-8459-79E8AA74DCEF}.Debug|Any CPU.ActiveCfg = Debug|Any CPU
		{7D9CC509-B03E-4D3A-8459-79E8AA74DCEF}.Debug|Any CPU.Build.0 = Debug|Any CPU
		{7D9CC509-B03E-4D3A-8459-79E8AA74DCEF}.Release|Any CPU.ActiveCfg = Release|Any CPU
		{7D9CC509-B03E-4D3A-8459-79E8AA74DCEF}.Release|Any CPU.Build.0 = Release|Any CPU
	EndGlobalSection
	GlobalSection(SolutionProperties) = preSolution
		HideSolutionNode = FALSE
	EndGlobalSection
	GlobalSection(NestedProjects) = preSolution
		{A2019601-6FC8-4653-89BF-1F2714060B6D} = {A51BE9BD-150B-4346-B092-1A986EAF3071}
		{143C88CE-2B37-4002-8CA8-DAD5D4BDD144} = {A2019601-6FC8-4653-89BF-1F2714060B6D}
	EndGlobalSection
	GlobalSection(ExtensibilityGlobals) = postSolution
		SolutionGuid = {4924F7A4-51BD-4540-967E-6741E76B3611}
	EndGlobalSection
EndGlobal
